
Microsoft Visual Studio Solution File, Format Version 12.00
# Visual Studio Version 16
VisualStudioVersion = 16.0.31613.86
MinimumVisualStudioVersion = 10.0.40219.1
Project("{8BC9CEB8-8B4A-11D0-8D11-00A0C91BC942}") = "BattleBotConsole", "BattleBotConsole\BattleBotConsole.vcxproj", "{1775C3C4-0220-451D-AE9E-C517E6433BAE}"
EndProject
Global
	GlobalSection(SolutionConfigurationPlatforms) = preSolution
		Debug|x64 = Debug|x64
		Debug|x86 = Debug|x86
		Release|x64 = Release|x64
		Release|x86 = Release|x86
	EndGlobalSection
	GlobalSection(ProjectConfigurationPlatforms) = postSolution
		{1775C3C4-0220-451D-AE9E-C517E6433BAE}.Debug|x64.ActiveCfg = Debug|x64
		{1775C3C4-0220-451D-AE9E-C517E6433BAE}.Debug|x64.Build.0 = Debug|x64
		{1775C3C4-0220-451D-AE9E-C517E6433BAE}.Debug|x86.ActiveCfg = Debug|Win32
		{1775C3C4-0220-451D-AE9E-C517E6433BAE}.Debug|x86.Build.0 = Debug|Win32
		{1775C3C4-0220-451D-AE9E-C517E6433BAE}.Release|x64.ActiveCfg = Release|x64
		{1775C3C4-0220-451D-AE9E-C517E6433BAE}.Release|x64.Build.0 = Release|x64
		{1775C3C4-0220-451D-AE9E-C517E6433BAE}.Release|x86.ActiveCfg = Release|Win32
		{1775C3C4-0220-451D-AE9E-C517E6433BAE}.Release|x86.Build.0 = Release|Win32
	EndGlobalSection
	GlobalSection(SolutionProperties) = preSolution
		HideSolutionNode = FALSE
	EndGlobalSection
	GlobalSection(ExtensibilityGlobals) = postSolution
		SolutionGuid = {59AD38FA-AC3B-4CE1-AEFA-BA8AEA99D876}
	EndGlobalSection
EndGlobal
